
Microsoft Visual Studio Solution File, Format Version 12.00
# Visual Studio 15
VisualStudioVersion = 15.0.28010.0
MinimumVisualStudioVersion = 10.0.40219.1
Project("{8BC9CEB8-8B4A-11D0-8D11-00A0C91BC942}") = "LeviathanPC", "LeviathanPC\LeviathanPC.vcxproj", "{AAA1CFCC-277D-4763-8293-A9A419C48814}"
EndProject
Global
	GlobalSection(SolutionConfigurationPlatforms) = preSolution
		Debug|x64 = Debug|x64
		Debug|x86 = Debug|x86
		Release|x64 = Release|x64
		Release|x86 = Release|x86
	EndGlobalSection
	GlobalSection(ProjectConfigurationPlatforms) = postSolution
		{AAA1CFCC-277D-4763-8293-A9A419C48814}.Debug|x64.ActiveCfg = Debug|x64
		{AAA1CFCC-277D-4763-8293-A9A419C48814}.Debug|x64.Build.0 = Debug|x64
		{AAA1CFCC-277D-4763-8293-A9A419C48814}.Debug|x86.ActiveCfg = Debug|x64
		{AAA1CFCC-277D-4763-8293-A9A419C48814}.Debug|x86.Build.0 = Debug|x64
		{AAA1CFCC-277D-4763-8293-A9A419C48814}.Release|x64.ActiveCfg = Release|x64
		{AAA1CFCC-277D-4763-8293-A9A419C48814}.Release|x64.Build.0 = Release|x64
		{AAA1CFCC-277D-4763-8293-A9A419C48814}.Release|x86.ActiveCfg = Release|Win32
		{AAA1CFCC-277D-4763-8293-A9A419C48814}.Release|x86.Build.0 = Release|Win32
	EndGlobalSection
	GlobalSection(SolutionProperties) = preSolution
		HideSolutionNode = FALSE
	EndGlobalSection
	GlobalSection(ExtensibilityGlobals) = postSolution
		SolutionGuid = {EA3FB7F4-1E7F-44B0-8B01-101F08243DB5}
	EndGlobalSection
EndGlobal
