<?xml version="1.0" encoding="utf-8"?>
<Project ToolsVersion="4.0" xmlns="http://schemas.microsoft.com/developer/msbuild/2003">
  <ItemGroup>
    <Filter Include="Source Files">
      <UniqueIdentifier>{4FC737F1-C7A5-4376-A066-2A32D752A2FF}</UniqueIdentifier>
      <Extensions>cpp;c;cc;cxx;def;odl;idl;hpj;bat;asm;asmx</Extensions>
    </Filter>
    <Filter Include="Header Files">
      <UniqueIdentifier>{93995380-89BD-4b04-88EB-625FBE52EBFB}</UniqueIdentifier>
      <Extensions>h;hh;hpp;hxx;hm;inl;inc;ipp;xsd</Extensions>
    </Filter>
    <Filter Include="Header Files\Math">
      <UniqueIdentifier>{da8d8905-1b73-4054-8ad3-5e19992d9de6}</UniqueIdentifier>
    </Filter>
    <Filter Include="Source Files\Math">
      <UniqueIdentifier>{e9bcaaa4-edc4-4717-95fc-2bd11bdfb9c1}</UniqueIdentifier>
    </Filter>
    <Filter Include="Header Files\Headers">
      <UniqueIdentifier>{f79229cb-043e-4ef5-8dd9-26573700a83b}</UniqueIdentifier>
    </Filter>
    <Filter Include="Resource Files">
      <UniqueIdentifier>{67DA6AB6-F800-4c08-8B7A-83BB121AAD01}</UniqueIdentifier>
      <Extensions>rc;ico;cur;bmp;dlg;rc2;rct;bin;rgs;gif;jpg;jpeg;jpe;resx;tiff;tif;png;wav;mfcribbon-ms</Extensions>
    </Filter>
    <Filter Include="Header Files\Media">
      <UniqueIdentifier>{c9171331-f89b-4f8b-b0a5-825c6aadc5a6}</UniqueIdentifier>
    </Filter>
    <Filter Include="Source Files\Media">
      <UniqueIdentifier>{04db3f48-326e-49a0-a188-a390e643c24b}</UniqueIdentifier>
    </Filter>
    <Filter Include="Resource Files\assets">
      <UniqueIdentifier>{ae18dbed-3fe6-4928-b20b-bd47884b2bd0}</UniqueIdentifier>
    </Filter>
    <Filter Include="Resource Files\assets\arena">
      <UniqueIdentifier>{c466fd76-414b-427f-b5cd-14c471dce766}</UniqueIdentifier>
    </Filter>
    <Filter Include="Header Files\Arena">
      <UniqueIdentifier>{061f9083-9369-489c-9644-33257040abb7}</UniqueIdentifier>
    </Filter>
    <Filter Include="Source Files\Arena">
      <UniqueIdentifier>{45f32f30-f573-4261-942d-01671da651e0}</UniqueIdentifier>
    </Filter>
    <Filter Include="Source Files\HUD">
      <UniqueIdentifier>{90e19ce5-c9dc-433f-aec3-8360a9470056}</UniqueIdentifier>
    </Filter>
    <Filter Include="Header Files\HUD">
      <UniqueIdentifier>{fbaed016-d199-4a49-bfbf-ae1f84f83da4}</UniqueIdentifier>
    </Filter>
    <Filter Include="Resource Files\assets\shaders">
      <UniqueIdentifier>{d6fa0618-df5d-449e-94ce-4a458a7248c7}</UniqueIdentifier>
    </Filter>
    <Filter Include="Resource Files\assets\shaders\HUD">
      <UniqueIdentifier>{4a4ee51e-adcc-4305-822e-8f51f2776962}</UniqueIdentifier>
    </Filter>
    <Filter Include="Resource Files\assets\shaders\player">
      <UniqueIdentifier>{bf529abd-3684-41d9-ac1c-12c55c8ea0fd}</UniqueIdentifier>
    </Filter>
    <Filter Include="Header Files\Cutscene">
      <UniqueIdentifier>{98432d44-e302-4176-80dd-f1a56ae61b9b}</UniqueIdentifier>
    </Filter>
    <Filter Include="Source Files\Cutscene">
      <UniqueIdentifier>{e70ce772-c452-4249-bedf-6ff9e3c9a822}</UniqueIdentifier>
    </Filter>
    <Filter Include="Source Files\GameObjects">
      <UniqueIdentifier>{4505b61e-1d4a-4b9a-b256-c5d498f8146b}</UniqueIdentifier>
    </Filter>
    <Filter Include="Header Files\GameObjects">
      <UniqueIdentifier>{3aca5c75-9159-4ee8-8eb4-8bec693d298a}</UniqueIdentifier>
    </Filter>
    <Filter Include="Resource Files\assets\cutscenes">
      <UniqueIdentifier>{014af9f6-4e52-44e5-a82e-b47665e9494f}</UniqueIdentifier>
    </Filter>
    <Filter Include="Resource Files\docs">
      <UniqueIdentifier>{4f7fbe6a-62ff-4e96-ab3e-2004d458b85b}</UniqueIdentifier>
    </Filter>
    <Filter Include="Header Files\GameObjects\Enemies">
      <UniqueIdentifier>{5f722410-1e51-42d1-b206-a3b11dabe99b}</UniqueIdentifier>
    </Filter>
    <Filter Include="Source Files\GameObjects\Enemies">
      <UniqueIdentifier>{eb1f273f-658d-440b-8cc4-ae85b4cdf42e}</UniqueIdentifier>
    </Filter>
    <Filter Include="Header Files\GameObjects\Enemies\Basic">
      <UniqueIdentifier>{683009b1-a60e-4ec7-9b59-5ee07a9cb39e}</UniqueIdentifier>
    </Filter>
    <Filter Include="Source Files\GameObjects\Enemies\Basic">
      <UniqueIdentifier>{bdf7c515-9a31-4217-9517-cc7c26c5715a}</UniqueIdentifier>
    </Filter>
    <Filter Include="Resource Files\assets\arena\Hell">
      <UniqueIdentifier>{c469f698-e0b2-4d18-8b6e-4e7f872164ee}</UniqueIdentifier>
    </Filter>
    <Filter Include="Header Files\Menu">
      <UniqueIdentifier>{77178553-fd7d-4af4-9c4e-4ec2d0f3f651}</UniqueIdentifier>
    </Filter>
    <Filter Include="Source Files\Menu">
      <UniqueIdentifier>{98e36c2a-908c-463c-8cb4-a8e5eb228c20}</UniqueIdentifier>
    </Filter>
    <Filter Include="Source Files\Menu\PauseMenu">
      <UniqueIdentifier>{c85e75a6-837c-4961-b1bd-5f51a8956aa3}</UniqueIdentifier>
    </Filter>
    <Filter Include="Header Files\Menu\PauseMenu">
      <UniqueIdentifier>{c9e7e0d6-da6d-4168-9644-a14c70876a01}</UniqueIdentifier>
    </Filter>
    <Filter Include="Header Files\Menu\MainMenu">
      <UniqueIdentifier>{343c8fb9-50c4-459f-880c-3efeb301af67}</UniqueIdentifier>
    </Filter>
    <Filter Include="Source Files\Menu\MainMenu">
      <UniqueIdentifier>{7d98e0b8-549f-4516-b23e-619d76a1f334}</UniqueIdentifier>
    </Filter>
    <Filter Include="Resource Files\assets\shaders\enemies">
      <UniqueIdentifier>{441fa746-8d76-403c-b0bd-e14069cc20d9}</UniqueIdentifier>
    </Filter>
  </ItemGroup>
  <ItemGroup>
    <ClCompile Include="Main.cpp">
      <Filter>Source Files</Filter>
    </ClCompile>
    <ClCompile Include="Input.cpp">
      <Filter>Source Files</Filter>
    </ClCompile>
    <ClCompile Include="Rectangle.cpp">
      <Filter>Source Files\Math</Filter>
    </ClCompile>
    <ClCompile Include="Player.cpp">
      <Filter>Source Files</Filter>
    </ClCompile>
    <ClCompile Include="Audio.cpp">
      <Filter>Source Files\Media</Filter>
    </ClCompile>
    <ClCompile Include="Sprite.cpp">
      <Filter>Source Files\Media</Filter>
    </ClCompile>
    <ClCompile Include="Arena.cpp">
      <Filter>Source Files\Arena</Filter>
    </ClCompile>
    <ClCompile Include="Exit.cpp">
      <Filter>Source Files\Arena</Filter>
    </ClCompile>
    <ClCompile Include="Shaders.cpp">
      <Filter>Source Files\Media</Filter>
    </ClCompile>
    <ClCompile Include="Health.cpp">
      <Filter>Source Files\HUD</Filter>
    </ClCompile>
    <ClCompile Include="Cutscene.cpp">
      <Filter>Source Files\Cutscene</Filter>
    </ClCompile>
    <ClCompile Include="GameObject.cpp">
      <Filter>Source Files\GameObjects</Filter>
    </ClCompile>
    <ClCompile Include="CutTile.cpp">
      <Filter>Source Files\Cutscene</Filter>
    </ClCompile>
    <ClCompile Include="CutEvent.cpp">
      <Filter>Source Files\Arena</Filter>
    </ClCompile>
    <ClCompile Include="AmmoLabel.cpp">
      <Filter>Source Files\HUD</Filter>
    </ClCompile>
    <ClCompile Include="Font.cpp">
      <Filter>Source Files\Media</Filter>
    </ClCompile>
    <ClCompile Include="KillerShadow.cpp">
      <Filter>Source Files\GameObjects\Enemies\Basic</Filter>
    </ClCompile>
    <ClCompile Include="PauseMenu.cpp">
      <Filter>Source Files\Menu\PauseMenu</Filter>
    </ClCompile>
    <ClCompile Include="MainMenu.cpp">
      <Filter>Source Files\Menu\MainMenu</Filter>
    </ClCompile>
    <ClCompile Include="MenuButton.cpp">
      <Filter>Source Files\Menu</Filter>
    </ClCompile>
    <ClCompile Include="BossObject.cpp">
      <Filter>Source Files\GameObjects</Filter>
    </ClCompile>
  </ItemGroup>
  <ItemGroup>
    <ClInclude Include="Input.h">
      <Filter>Header Files</Filter>
    </ClInclude>
    <ClInclude Include="Rectangle.h">
      <Filter>Header Files\Math</Filter>
    </ClInclude>
    <ClInclude Include="Player.h">
      <Filter>Header Files</Filter>
    </ClInclude>
    <ClInclude Include="stdafx.h">
      <Filter>Header Files\Headers</Filter>
    </ClInclude>
    <ClInclude Include="ErrorEnum.h">
      <Filter>Header Files\Headers</Filter>
    </ClInclude>
    <ClInclude Include="Audio.h">
      <Filter>Header Files\Media</Filter>
    </ClInclude>
    <ClInclude Include="Sprite.h">
      <Filter>Header Files\Media</Filter>
    </ClInclude>
    <ClInclude Include="ControllerDefines.h">
      <Filter>Header Files\Headers</Filter>
    </ClInclude>
    <ClInclude Include="Arena.h">
      <Filter>Header Files\Arena</Filter>
    </ClInclude>
    <ClInclude Include="Exit.h">
      <Filter>Header Files\Arena</Filter>
    </ClInclude>
    <ClInclude Include="Shaders.h">
      <Filter>Header Files\Media</Filter>
    </ClInclude>
    <ClInclude Include="Health.h">
      <Filter>Header Files\HUD</Filter>
    </ClInclude>
    <ClInclude Include="Cutscene.h">
      <Filter>Header Files\Cutscene</Filter>
    </ClInclude>
    <ClInclude Include="CutTile.h">
      <Filter>Header Files\Cutscene</Filter>
    </ClInclude>
    <ClInclude Include="CutEvent.h">
      <Filter>Header Files\Arena</Filter>
    </ClInclude>
    <ClInclude Include="GameState.h">
      <Filter>Header Files\Headers</Filter>
    </ClInclude>
    <ClInclude Include="AmmoLabel.h">
      <Filter>Header Files\HUD</Filter>
    </ClInclude>
    <ClInclude Include="Font.h">
      <Filter>Header Files\Media</Filter>
    </ClInclude>
    <ClInclude Include="KillerShadow.h">
      <Filter>Header Files\GameObjects\Enemies\Basic</Filter>
    </ClInclude>
    <ClInclude Include="PauseMenu.h">
      <Filter>Header Files\Menu\PauseMenu</Filter>
    </ClInclude>
    <ClInclude Include="MainMenu.h">
      <Filter>Header Files\Menu\MainMenu</Filter>
    </ClInclude>
    <ClInclude Include="MenuButton.h">
      <Filter>Header Files\Menu</Filter>
    </ClInclude>
    <ClInclude Include="BossObject.h">
      <Filter>Header Files\GameObjects</Filter>
    </ClInclude>
    <ClInclude Include="EnemiesList.h">
      <Filter>Header Files\Headers</Filter>
    </ClInclude>
    <ClInclude Include="GameObject.h">
      <Filter>Header Files\GameObjects</Filter>
    </ClInclude>
  </ItemGroup>
  <ItemGroup>
    <None Include="..\README.md">
      <Filter>Resource Files</Filter>
    </None>
    <None Include="assets\arena\TestArena.json">
      <Filter>Resource Files\assets\arena</Filter>
    </None>
    <None Include="assets\arena\LargeArena.json">
      <Filter>Resource Files\assets\arena</Filter>
    </None>
    <None Include="assets\shaders\test.vert">
      <Filter>Resource Files\assets\shaders</Filter>
    </None>
    <None Include="assets\shaders\test.frag">
      <Filter>Resource Files\assets\shaders</Filter>
    </None>
    <None Include="assets\shaders\hud\health.vert">
      <Filter>Resource Files\assets\shaders\HUD</Filter>
    </None>
    <None Include="assets\shaders\hud\health.frag">
      <Filter>Resource Files\assets\shaders\HUD</Filter>
    </None>
    <None Include="assets\shaders\player\player_db.vert">
      <Filter>Resource Files\assets\shaders\player</Filter>
    </None>
    <None Include="assets\shaders\player\player_db.frag">
      <Filter>Resource Files\assets\shaders\player</Filter>
    </None>
    <None Include="assets\cutscenes\test\cutscene_test.json">
      <Filter>Resource Files\assets\cutscenes</Filter>
    </None>
    <None Include="..\docs\index.md">
      <Filter>Resource Files\docs</Filter>
    </None>
    <None Include="assets\shaders\enemies\enemy_default.vert">
      <Filter>Resource Files\assets\shaders\enemies</Filter>
    </None>
    <None Include="assets\shaders\enemies\enemy_default.frag">
      <Filter>Resource Files\assets\shaders\enemies</Filter>
    </None>
  </ItemGroup>
</Project>